
Microsoft Visual Studio Solution File, Format Version 12.00
# Visual Studio Version 17
VisualStudioVersion = 17.14.36811.4 d17.14
MinimumVisualStudioVersion = 10.0.40219.1
Project("{FAE04EC0-301F-11D3-BF4B-00C04F79EFBC}") = "ConsoleApp30", "ConsoleApp30\ConsoleApp30.csproj", "{11CB453C-C735-4CB8-BF49-AF0BA8B8E61E}"
EndProject
Global
	GlobalSection(SolutionConfigurationPlatforms) = preSolution
		Debug|Any CPU = Debug|Any CPU
		Release|Any CPU = Release|Any CPU
	EndGlobalSection
	GlobalSection(ProjectConfigurationPlatforms) = postSolution
		{11CB453C-C735-4CB8-BF49-AF0BA8B8E61E}.Debug|Any CPU.ActiveCfg = Debug|Any CPU
		{11CB453C-C735-4CB8-BF49-AF0BA8B8E61E}.Debug|Any CPU.Build.0 = Debug|Any CPU
		{11CB453C-C735-4CB8-BF49-AF0BA8B8E61E}.Release|Any CPU.ActiveCfg = Release|Any CPU
		{11CB453C-C735-4CB8-BF49-AF0BA8B8E61E}.Release|Any CPU.Build.0 = Release|Any CPU
	EndGlobalSection
	GlobalSection(SolutionProperties) = preSolution
		HideSolutionNode = FALSE
	EndGlobalSection
	GlobalSection(ExtensibilityGlobals) = postSolution
		SolutionGuid = {EBCE25AD-41A6-47B1-9EC6-2D09F03EF223}
	EndGlobalSection
EndGlobal
