
Microsoft Visual Studio Solution File, Format Version 12.00
# Visual Studio Version 17
VisualStudioVersion = 17.14.36811.4 d17.14
MinimumVisualStudioVersion = 10.0.40219.1
Project("{FAE04EC0-301F-11D3-BF4B-00C04F79EFBC}") = "260112_Q3", "260112_Q3\260112_Q3.csproj", "{0AFBED99-FA52-44BD-9F5F-8B4915B58039}"
EndProject
Global
	GlobalSection(SolutionConfigurationPlatforms) = preSolution
		Debug|Any CPU = Debug|Any CPU
		Release|Any CPU = Release|Any CPU
	EndGlobalSection
	GlobalSection(ProjectConfigurationPlatforms) = postSolution
		{0AFBED99-FA52-44BD-9F5F-8B4915B58039}.Debug|Any CPU.ActiveCfg = Debug|Any CPU
		{0AFBED99-FA52-44BD-9F5F-8B4915B58039}.Debug|Any CPU.Build.0 = Debug|Any CPU
		{0AFBED99-FA52-44BD-9F5F-8B4915B58039}.Release|Any CPU.ActiveCfg = Release|Any CPU
		{0AFBED99-FA52-44BD-9F5F-8B4915B58039}.Release|Any CPU.Build.0 = Release|Any CPU
	EndGlobalSection
	GlobalSection(SolutionProperties) = preSolution
		HideSolutionNode = FALSE
	EndGlobalSection
	GlobalSection(ExtensibilityGlobals) = postSolution
		SolutionGuid = {D68F1202-3456-4F46-941F-1B8ADC78E1C1}
	EndGlobalSection
EndGlobal
