
Microsoft Visual Studio Solution File, Format Version 12.00
# Visual Studio Version 17
VisualStudioVersion = 17.14.36811.4 d17.14
MinimumVisualStudioVersion = 10.0.40219.1
Project("{FAE04EC0-301F-11D3-BF4B-00C04F79EFBC}") = "variable", "variable\variable.csproj", "{15DD748B-25B6-434B-BA46-55475CAA40C3}"
EndProject
Global
	GlobalSection(SolutionConfigurationPlatforms) = preSolution
		Debug|Any CPU = Debug|Any CPU
		Release|Any CPU = Release|Any CPU
	EndGlobalSection
	GlobalSection(ProjectConfigurationPlatforms) = postSolution
		{15DD748B-25B6-434B-BA46-55475CAA40C3}.Debug|Any CPU.ActiveCfg = Debug|Any CPU
		{15DD748B-25B6-434B-BA46-55475CAA40C3}.Debug|Any CPU.Build.0 = Debug|Any CPU
		{15DD748B-25B6-434B-BA46-55475CAA40C3}.Release|Any CPU.ActiveCfg = Release|Any CPU
		{15DD748B-25B6-434B-BA46-55475CAA40C3}.Release|Any CPU.Build.0 = Release|Any CPU
	EndGlobalSection
	GlobalSection(SolutionProperties) = preSolution
		HideSolutionNode = FALSE
	EndGlobalSection
	GlobalSection(ExtensibilityGlobals) = postSolution
		SolutionGuid = {290E77A2-F277-46A3-81EA-CAA2023C7ADA}
	EndGlobalSection
EndGlobal
