
Microsoft Visual Studio Solution File, Format Version 12.00
# Visual Studio Version 17
VisualStudioVersion = 17.14.36811.4 d17.14
MinimumVisualStudioVersion = 10.0.40219.1
Project("{FAE04EC0-301F-11D3-BF4B-00C04F79EFBC}") = "ConsoleApp13", "ConsoleApp13\ConsoleApp13.csproj", "{E6F0E667-C58B-457B-8D9F-835B4A47011D}"
EndProject
Global
	GlobalSection(SolutionConfigurationPlatforms) = preSolution
		Debug|Any CPU = Debug|Any CPU
		Release|Any CPU = Release|Any CPU
	EndGlobalSection
	GlobalSection(ProjectConfigurationPlatforms) = postSolution
		{E6F0E667-C58B-457B-8D9F-835B4A47011D}.Debug|Any CPU.ActiveCfg = Debug|Any CPU
		{E6F0E667-C58B-457B-8D9F-835B4A47011D}.Debug|Any CPU.Build.0 = Debug|Any CPU
		{E6F0E667-C58B-457B-8D9F-835B4A47011D}.Release|Any CPU.ActiveCfg = Release|Any CPU
		{E6F0E667-C58B-457B-8D9F-835B4A47011D}.Release|Any CPU.Build.0 = Release|Any CPU
	EndGlobalSection
	GlobalSection(SolutionProperties) = preSolution
		HideSolutionNode = FALSE
	EndGlobalSection
	GlobalSection(ExtensibilityGlobals) = postSolution
		SolutionGuid = {D5F8803B-C4FF-4549-B923-9E411341AA04}
	EndGlobalSection
EndGlobal
