
Microsoft Visual Studio Solution File, Format Version 12.00
# Visual Studio Version 17
VisualStudioVersion = 17.14.36811.4 d17.14
MinimumVisualStudioVersion = 10.0.40219.1
Project("{FAE04EC0-301F-11D3-BF4B-00C04F79EFBC}") = "260112_Q1", "260112_Q1\260112_Q1.csproj", "{75F2B80C-5F1B-430C-88B1-9B24F3FC40A6}"
EndProject
Global
	GlobalSection(SolutionConfigurationPlatforms) = preSolution
		Debug|Any CPU = Debug|Any CPU
		Release|Any CPU = Release|Any CPU
	EndGlobalSection
	GlobalSection(ProjectConfigurationPlatforms) = postSolution
		{75F2B80C-5F1B-430C-88B1-9B24F3FC40A6}.Debug|Any CPU.ActiveCfg = Debug|Any CPU
		{75F2B80C-5F1B-430C-88B1-9B24F3FC40A6}.Debug|Any CPU.Build.0 = Debug|Any CPU
		{75F2B80C-5F1B-430C-88B1-9B24F3FC40A6}.Release|Any CPU.ActiveCfg = Release|Any CPU
		{75F2B80C-5F1B-430C-88B1-9B24F3FC40A6}.Release|Any CPU.Build.0 = Release|Any CPU
	EndGlobalSection
	GlobalSection(SolutionProperties) = preSolution
		HideSolutionNode = FALSE
	EndGlobalSection
	GlobalSection(ExtensibilityGlobals) = postSolution
		SolutionGuid = {2FF3F084-1FA4-4D76-8FF1-057B4F8E07F6}
	EndGlobalSection
EndGlobal
